
Microsoft Visual Studio Solution File, Format Version 12.00
# Visual Studio Version 18
VisualStudioVersion = 18.5.11723.231
MinimumVisualStudioVersion = 10.0.40219.1
Project("{FAE04EC0-301F-11D3-BF4B-00C04F79EFBC}") = "Griddo", "Griddo\Griddo.csproj", "{C21EBA00-C0D2-A8A2-3AA3-715BD60B09BA}"
EndProject
Project("{FAE04EC0-301F-11D3-BF4B-00C04F79EFBC}") = "GriddoTest", "GriddoTest\GriddoTest.csproj", "{3988095E-18E9-433C-9689-3DAC4ADA8B61}"
EndProject
Project("{FAE04EC0-301F-11D3-BF4B-00C04F79EFBC}") = "Plotto", "Plotto\Plotto.csproj", "{5F884CAF-E526-2554-9862-755FF0BFC8F0}"
EndProject
Project("{FAE04EC0-301F-11D3-BF4B-00C04F79EFBC}") = "GriddoUi", "GriddoUi\GriddoUi.csproj", "{A8E98BD9-2579-4E3A-8303-0B6C44A0C10C}"
EndProject
Global
	GlobalSection(SolutionConfigurationPlatforms) = preSolution
		Debug|Any CPU = Debug|Any CPU
		Debug|x64 = Debug|x64
		Debug|x86 = Debug|x86
		Release|Any CPU = Release|Any CPU
		Release|x64 = Release|x64
		Release|x86 = Release|x86
	EndGlobalSection
	GlobalSection(ProjectConfigurationPlatforms) = postSolution
		{C21EBA00-C0D2-A8A2-3AA3-715BD60B09BA}.Debug|Any CPU.ActiveCfg = Debug|Any CPU
		{C21EBA00-C0D2-A8A2-3AA3-715BD60B09BA}.Debug|Any CPU.Build.0 = Debug|Any CPU
		{C21EBA00-C0D2-A8A2-3AA3-715BD60B09BA}.Debug|x64.ActiveCfg = Debug|Any CPU
		{C21EBA00-C0D2-A8A2-3AA3-715BD60B09BA}.Debug|x64.Build.0 = Debug|Any CPU
		{C21EBA00-C0D2-A8A2-3AA3-715BD60B09BA}.Debug|x86.ActiveCfg = Debug|Any CPU
		{C21EBA00-C0D2-A8A2-3AA3-715BD60B09BA}.Debug|x86.Build.0 = Debug|Any CPU
		{C21EBA00-C0D2-A8A2-3AA3-715BD60B09BA}.Release|Any CPU.ActiveCfg = Release|Any CPU
		{C21EBA00-C0D2-A8A2-3AA3-715BD60B09BA}.Release|Any CPU.Build.0 = Release|Any CPU
		{C21EBA00-C0D2-A8A2-3AA3-715BD60B09BA}.Release|x64.ActiveCfg = Release|Any CPU
		{C21EBA00-C0D2-A8A2-3AA3-715BD60B09BA}.Release|x64.Build.0 = Release|Any CPU
		{C21EBA00-C0D2-A8A2-3AA3-715BD60B09BA}.Release|x86.ActiveCfg = Release|Any CPU
		{C21EBA00-C0D2-A8A2-3AA3-715BD60B09BA}.Release|x86.Build.0 = Release|Any CPU
		{3988095E-18E9-433C-9689-3DAC4ADA8B61}.Debug|Any CPU.ActiveCfg = Debug|Any CPU
		{3988095E-18E9-433C-9689-3DAC4ADA8B61}.Debug|Any CPU.Build.0 = Debug|Any CPU
		{3988095E-18E9-433C-9689-3DAC4ADA8B61}.Debug|x64.ActiveCfg = Debug|Any CPU
		{3988095E-18E9-433C-9689-3DAC4ADA8B61}.Debug|x64.Build.0 = Debug|Any CPU
		{3988095E-18E9-433C-9689-3DAC4ADA8B61}.Debug|x86.ActiveCfg = Debug|Any CPU
		{3988095E-18E9-433C-9689-3DAC4ADA8B61}.Debug|x86.Build.0 = Debug|Any CPU
		{3988095E-18E9-433C-9689-3DAC4ADA8B61}.Release|Any CPU.ActiveCfg = Release|Any CPU
		{3988095E-18E9-433C-9689-3DAC4ADA8B61}.Release|Any CPU.Build.0 = Release|Any CPU
		{3988095E-18E9-433C-9689-3DAC4ADA8B61}.Release|x64.ActiveCfg = Release|Any CPU
		{3988095E-18E9-433C-9689-3DAC4ADA8B61}.Release|x64.Build.0 = Release|Any CPU
		{3988095E-18E9-433C-9689-3DAC4ADA8B61}.Release|x86.ActiveCfg = Release|Any CPU
		{3988095E-18E9-433C-9689-3DAC4ADA8B61}.Release|x86.Build.0 = Release|Any CPU
		{5F884CAF-E526-2554-9862-755FF0BFC8F0}.Debug|Any CPU.ActiveCfg = Debug|x64
		{5F884CAF-E526-2554-9862-755FF0BFC8F0}.Debug|Any CPU.Build.0 = Debug|x64
		{5F884CAF-E526-2554-9862-755FF0BFC8F0}.Debug|x64.ActiveCfg = Debug|x64
		{5F884CAF-E526-2554-9862-755FF0BFC8F0}.Debug|x64.Build.0 = Debug|x64
		{5F884CAF-E526-2554-9862-755FF0BFC8F0}.Debug|x86.ActiveCfg = Debug|x64
		{5F884CAF-E526-2554-9862-755FF0BFC8F0}.Debug|x86.Build.0 = Debug|x64
		{5F884CAF-E526-2554-9862-755FF0BFC8F0}.Release|Any CPU.ActiveCfg = Release|x64
		{5F884CAF-E526-2554-9862-755FF0BFC8F0}.Release|Any CPU.Build.0 = Release|x64
		{5F884CAF-E526-2554-9862-755FF0BFC8F0}.Release|x64.ActiveCfg = Release|x64
		{5F884CAF-E526-2554-9862-755FF0BFC8F0}.Release|x64.Build.0 = Release|x64
		{5F884CAF-E526-2554-9862-755FF0BFC8F0}.Release|x86.ActiveCfg = Release|x64
		{5F884CAF-E526-2554-9862-755FF0BFC8F0}.Release|x86.Build.0 = Release|x64
		{A8E98BD9-2579-4E3A-8303-0B6C44A0C10C}.Debug|Any CPU.ActiveCfg = Debug|Any CPU
		{A8E98BD9-2579-4E3A-8303-0B6C44A0C10C}.Debug|Any CPU.Build.0 = Debug|Any CPU
		{A8E98BD9-2579-4E3A-8303-0B6C44A0C10C}.Debug|x64.ActiveCfg = Debug|Any CPU
		{A8E98BD9-2579-4E3A-8303-0B6C44A0C10C}.Debug|x64.Build.0 = Debug|Any CPU
		{A8E98BD9-2579-4E3A-8303-0B6C44A0C10C}.Debug|x86.ActiveCfg = Debug|Any CPU
		{A8E98BD9-2579-4E3A-8303-0B6C44A0C10C}.Debug|x86.Build.0 = Debug|Any CPU
		{A8E98BD9-2579-4E3A-8303-0B6C44A0C10C}.Release|Any CPU.ActiveCfg = Release|Any CPU
		{A8E98BD9-2579-4E3A-8303-0B6C44A0C10C}.Release|Any CPU.Build.0 = Release|Any CPU
		{A8E98BD9-2579-4E3A-8303-0B6C44A0C10C}.Release|x64.ActiveCfg = Release|Any CPU
		{A8E98BD9-2579-4E3A-8303-0B6C44A0C10C}.Release|x64.Build.0 = Release|Any CPU
		{A8E98BD9-2579-4E3A-8303-0B6C44A0C10C}.Release|x86.ActiveCfg = Release|Any CPU
		{A8E98BD9-2579-4E3A-8303-0B6C44A0C10C}.Release|x86.Build.0 = Release|Any CPU
	EndGlobalSection
	GlobalSection(SolutionProperties) = preSolution
		HideSolutionNode = FALSE
	EndGlobalSection
	GlobalSection(ExtensibilityGlobals) = postSolution
		SolutionGuid = {2AEA86C8-6310-40F7-8D2F-D5EC89825736}
	EndGlobalSection
EndGlobal
